# This file is autogenerated, do not edit; changes may be undone by the next 'dep ensure'.


[[projects]]
  digest = "1:18d3339287ed981065cbffedb0dc81196638666d04c83141e973a9bfad1be4a4"
  name = "github.com/cavaliercoder/grab"
  packages = ["."]
  pruneopts = "UT"
  revision = "466b5c0dd1d077be6de521d4e753734b17899a4d"
  version = "v2.0.0"

[[projects]]
  digest = "1:ffe9824d294da03b391f44e1ae8281281b4afc1bdaa9588c9097785e3af10cec"
  name = "github.com/davecgh/go-spew"
  packages = ["spew"]
  pruneopts = "UT"
  revision = "8991bc29aa16c548c550c7ff78260e27b9ab7c73"
  version = "v1.1.1"

[[projects]]
  branch = "master"
  digest = "1:1e537dfb7b4d543e25efa2c812084dd65736f8010979c1b7e167a5b876563199"
  name = "github.com/lib/pq"
  packages = [
    ".",
    "oid",
  ]
  pruneopts = "UT"
  revision = "d34b9ff171c21ad295489235aec8b6626023cd04"

[[projects]]
  digest = "1:7231124c9669dfb54b82ef8b89f2735cf5d5d2529a23c6ac93a8c4b8bbb28b28"
  name = "github.com/pelletier/go-toml"
  packages = ["."]
  pruneopts = "UT"
  revision = "acdc4509485b587f5e675510c4f2c63e90ff68a8"
  version = "v1.1.0"

[[projects]]
  digest = "1:40e195917a951a8bf867cd05de2a46aaf1806c50cf92eebf4c16f78cd196f747"
  name = "github.com/pkg/errors"
  packages = ["."]
  pruneopts = "UT"
  revision = "645ef00459ed84a119197bfb8d8205042c6df63d"
  version = "v0.8.0"

[[projects]]
  digest = "1:0028cb19b2e4c3112225cd871870f2d9cf49b9b4276531f03438a88e94be86fe"
  name = "github.com/pmezard/go-difflib"
  packages = ["difflib"]
  pruneopts = "UT"
  revision = "792786c7400a136282c1664665ae0a8db921c6c2"
  version = "v1.0.0"

[[projects]]
  digest = "1:5da8ce674952566deae4dbc23d07c85caafc6cfa815b0b3e03e41979cedb8750"
  name = "github.com/stretchr/testify"
  packages = [
    "assert",
    "require",
  ]
  pruneopts = "UT"
  revision = "ffdc059bfe9ce6a4e144ba849dbedead332c6053"
  version = "v1.3.0"

[solve-meta]
  analyzer-name = "dep"
  analyzer-version = 1
  input-imports = [
    "github.com/cavaliercoder/grab",
    "github.com/lib/pq",
    "github.com/pelletier/go-toml",
    "github.com/pkg/errors",
    "github.com/stretchr/testify/assert",
    "github.com/stretchr/testify/require",
  ]
  solver-name = "gps-cdcl"
  solver-version = 1
